// !$*UTF8*$!
{
	archiveVersion = 1;
	classes = {
	};
	objectVersion = 46;
	objects = {

/* Begin PBXBuildFile section */
		FA0D9C7D1E2C47100097E378 /* FieldPhotoDataController.swift in Sources */ = {isa = PBXBuildFile; fileRef = FA0D9C7C1E2C47100097E378 /* FieldPhotoDataController.swift */; };
		FA0D9C7F1E2C47520097E378 /* FieldPhotoViewController.swift in Sources */ = {isa = PBXBuildFile; fileRef = FA0D9C7E1E2C47520097E378 /* FieldPhotoViewController.swift */; };
		FA0D9C831E2C48530097E378 /* FieldPhotoThumbnailCollectionViewCell.swift in Sources */ = {isa = PBXBuildFile; fileRef = FA0D9C821E2C48530097E378 /* FieldPhotoThumbnailCollectionViewCell.swift */; };
		FA0D9C851E2C48920097E378 /* RootPhotoPagesViewController.swift in Sources */ = {isa = PBXBuildFile; fileRef = FA0D9C841E2C48920097E378 /* RootPhotoPagesViewController.swift */; };
		FA0D9C871E2C49890097E378 /* FieldPhotoCollectionViewController.swift in Sources */ = {isa = PBXBuildFile; fileRef = FA0D9C861E2C49890097E378 /* FieldPhotoCollectionViewController.swift */; };
		FA13B19B1E32E8DE0014F729 /* AppLaunchViewController.swift in Sources */ = {isa = PBXBuildFile; fileRef = FA13B19A1E32E8DE0014F729 /* AppLaunchViewController.swift */; };
		FA154E491E3ABEEB00E37B90 /* FieldNoteTableViewCell.swift in Sources */ = {isa = PBXBuildFile; fileRef = FA154E481E3ABEEB00E37B90 /* FieldNoteTableViewCell.swift */; };
		FA1C4ECD1E400E2C00CBFCC3 /* FieldNotesSummaryTableViewCell.swift in Sources */ = {isa = PBXBuildFile; fileRef = FA1C4ECC1E400E2C00CBFCC3 /* FieldNotesSummaryTableViewCell.swift */; };
		FA2889E31E396B24000A24A8 /* WaterDistrictTableViewCell.swift in Sources */ = {isa = PBXBuildFile; fileRef = FA2889E21E396B24000A24A8 /* WaterDistrictTableViewCell.swift */; };
		FA28EEB51DFF2D1D004A8167 /* CoreDataModel.xcdatamodeld in Sources */ = {isa = PBXBuildFile; fileRef = FA28EEB31DFF2D1D004A8167 /* CoreDataModel.xcdatamodeld */; };
		FA28EEB81DFF45D3004A8167 /* CoreDataStack.swift in Sources */ = {isa = PBXBuildFile; fileRef = FA28EEB71DFF45D3004A8167 /* CoreDataStack.swift */; };
		FA28EEBA1DFF4B1F004A8167 /* PersistenceController.swift in Sources */ = {isa = PBXBuildFile; fileRef = FA28EEB91DFF4B1F004A8167 /* PersistenceController.swift */; };
		FA28EEBD1DFF4CA6004A8167 /* DataEntryController.swift in Sources */ = {isa = PBXBuildFile; fileRef = FA28EEBC1DFF4CA6004A8167 /* DataEntryController.swift */; };
		FA2AB1401E1F128600FC72A8 /* UsersTableViewController.swift in Sources */ = {isa = PBXBuildFile; fileRef = FA2AB13F1E1F128600FC72A8 /* UsersTableViewController.swift */; };
		FA362CBA1E49556E00D20B30 /* ModelExtension_iOS9.swift in Sources */ = {isa = PBXBuildFile; fileRef = FA362CB91E49556E00D20B30 /* ModelExtension_iOS9.swift */; };
		FA426B881DFF51CD0036B28E /* MeasurementEnums.swift in Sources */ = {isa = PBXBuildFile; fileRef = FA426B871DFF51CD0036B28E /* MeasurementEnums.swift */; };
		FA426B8A1DFF7FAD0036B28E /* DistrictController.swift in Sources */ = {isa = PBXBuildFile; fileRef = FA426B891DFF7FAD0036B28E /* DistrictController.swift */; };
		FA426B8C1DFF820D0036B28E /* MockDataController.swift in Sources */ = {isa = PBXBuildFile; fileRef = FA426B8B1DFF820D0036B28E /* MockDataController.swift */; };
		FA4801BA1E31830900F000B8 /* NoWellAvailableViewController.swift in Sources */ = {isa = PBXBuildFile; fileRef = FA4801B91E31830900F000B8 /* NoWellAvailableViewController.swift */; };
		FA51ECCD1E0DCB640064C507 /* FieldPhotoTableViewCell.swift in Sources */ = {isa = PBXBuildFile; fileRef = FA51ECCC1E0DCB640064C507 /* FieldPhotoTableViewCell.swift */; };
		FA60C0A41E2EA83E00259BEE /* AddNewFieldPhotoViewController.swift in Sources */ = {isa = PBXBuildFile; fileRef = FA60C0A31E2EA83E00259BEE /* AddNewFieldPhotoViewController.swift */; };
		FA6B51391E0CE23700763631 /* WellSerialAndMetalTagTableViewCell.swift in Sources */ = {isa = PBXBuildFile; fileRef = FA6B51381E0CE23700763631 /* WellSerialAndMetalTagTableViewCell.swift */; };
		FA6B513B1E0CEF2400763631 /* FieldNotesTableViewCell.swift in Sources */ = {isa = PBXBuildFile; fileRef = FA6B513A1E0CEF2400763631 /* FieldNotesTableViewCell.swift */; };
		FA7452461E04C91D001B983C /* DataEntryDetailTableViewController.swift in Sources */ = {isa = PBXBuildFile; fileRef = FA7452451E04C91D001B983C /* DataEntryDetailTableViewController.swift */; };
		FA8A93B31E42893200CB3644 /* AddNewFieldNoteViewController.swift in Sources */ = {isa = PBXBuildFile; fileRef = FA8A93B21E42893200CB3644 /* AddNewFieldNoteViewController.swift */; };
		FA8A93B51E42964700CB3644 /* FieldNoteTextView.swift in Sources */ = {isa = PBXBuildFile; fileRef = FA8A93B41E42964700CB3644 /* FieldNoteTextView.swift */; };
		FA8B5F2B1E41351F0068E99A /* ModelExtensions.swift in Sources */ = {isa = PBXBuildFile; fileRef = FA8B5F2A1E41351F0068E99A /* ModelExtensions.swift */; };
		FA8B5F381E41371A0068E99A /* Well+CoreDataClass.swift in Sources */ = {isa = PBXBuildFile; fileRef = FA8B5F2C1E41371A0068E99A /* Well+CoreDataClass.swift */; };
		FA8B5F391E41371A0068E99A /* Well+CoreDataProperties.swift in Sources */ = {isa = PBXBuildFile; fileRef = FA8B5F2D1E41371A0068E99A /* Well+CoreDataProperties.swift */; };
		FA8B5F3A1E41371A0068E99A /* FieldNote+CoreDataClass.swift in Sources */ = {isa = PBXBuildFile; fileRef = FA8B5F2E1E41371A0068E99A /* FieldNote+CoreDataClass.swift */; };
		FA8B5F3B1E41371A0068E99A /* FieldNote+CoreDataProperties.swift in Sources */ = {isa = PBXBuildFile; fileRef = FA8B5F2F1E41371A0068E99A /* FieldNote+CoreDataProperties.swift */; };
		FA8B5F3C1E41371A0068E99A /* DataEntry+CoreDataClass.swift in Sources */ = {isa = PBXBuildFile; fileRef = FA8B5F301E41371A0068E99A /* DataEntry+CoreDataClass.swift */; };
		FA8B5F3D1E41371A0068E99A /* DataEntry+CoreDataProperties.swift in Sources */ = {isa = PBXBuildFile; fileRef = FA8B5F311E41371A0068E99A /* DataEntry+CoreDataProperties.swift */; };
		FA8B5F3E1E41371A0068E99A /* District+CoreDataClass.swift in Sources */ = {isa = PBXBuildFile; fileRef = FA8B5F321E41371A0068E99A /* District+CoreDataClass.swift */; };
		FA8B5F3F1E41371A0068E99A /* District+CoreDataProperties.swift in Sources */ = {isa = PBXBuildFile; fileRef = FA8B5F331E41371A0068E99A /* District+CoreDataProperties.swift */; };
		FA8B5F401E41371A0068E99A /* User+CoreDataClass.swift in Sources */ = {isa = PBXBuildFile; fileRef = FA8B5F341E41371A0068E99A /* User+CoreDataClass.swift */; };
		FA8B5F411E41371A0068E99A /* User+CoreDataProperties.swift in Sources */ = {isa = PBXBuildFile; fileRef = FA8B5F351E41371A0068E99A /* User+CoreDataProperties.swift */; };
		FA8B5F421E41371A0068E99A /* FieldPhoto+CoreDataClass.swift in Sources */ = {isa = PBXBuildFile; fileRef = FA8B5F361E41371A0068E99A /* FieldPhoto+CoreDataClass.swift */; };
		FA8B5F431E41371A0068E99A /* FieldPhoto+CoreDataProperties.swift in Sources */ = {isa = PBXBuildFile; fileRef = FA8B5F371E41371A0068E99A /* FieldPhoto+CoreDataProperties.swift */; };
		FA9ECB5C1E2580D2008D6838 /* WellSummaryTableViewController.swift in Sources */ = {isa = PBXBuildFile; fileRef = FA9ECB5B1E2580D2008D6838 /* WellSummaryTableViewController.swift */; };
		FAA777191E0B579E00FD6FD1 /* AddNewEntryTableViewController.swift in Sources */ = {isa = PBXBuildFile; fileRef = FAA777181E0B579E00FD6FD1 /* AddNewEntryTableViewController.swift */; };
		FAA7771C1E0B7D0900FD6FD1 /* AddNewReadingTableViewCell.swift in Sources */ = {isa = PBXBuildFile; fileRef = FAA7771B1E0B7D0900FD6FD1 /* AddNewReadingTableViewCell.swift */; };
		FAA79EFF1DFCD59200EDC5BC /* AppDelegate.swift in Sources */ = {isa = PBXBuildFile; fileRef = FAA79EFE1DFCD59200EDC5BC /* AppDelegate.swift */; };
		FAA79F041DFCD59200EDC5BC /* Main.storyboard in Resources */ = {isa = PBXBuildFile; fileRef = FAA79F021DFCD59200EDC5BC /* Main.storyboard */; };
		FAA79F061DFCD59200EDC5BC /* Assets.xcassets in Resources */ = {isa = PBXBuildFile; fileRef = FAA79F051DFCD59200EDC5BC /* Assets.xcassets */; };
		FAA79F091DFCD59200EDC5BC /* LaunchScreen.storyboard in Resources */ = {isa = PBXBuildFile; fileRef = FAA79F071DFCD59200EDC5BC /* LaunchScreen.storyboard */; };
		FAB053501E01EFF6007A7BFB /* WellListTableViewController.swift in Sources */ = {isa = PBXBuildFile; fileRef = FAB0534F1E01EFF6007A7BFB /* WellListTableViewController.swift */; };
		FAB053521E01FA35007A7BFB /* DataEntryListTableViewController.swift in Sources */ = {isa = PBXBuildFile; fileRef = FAB053511E01FA35007A7BFB /* DataEntryListTableViewController.swift */; };
		FAB053541E0200CC007A7BFB /* WellInfoTableViewController.swift in Sources */ = {isa = PBXBuildFile; fileRef = FAB053531E0200CC007A7BFB /* WellInfoTableViewController.swift */; };
		FAB14DAF1E146F65002BEE21 /* MakeAndModelTableViewCell.swift in Sources */ = {isa = PBXBuildFile; fileRef = FAB14DAE1E146F65002BEE21 /* MakeAndModelTableViewCell.swift */; };
		FAB14DB11E1495E2002BEE21 /* FieldPhotoPageViewController.swift in Sources */ = {isa = PBXBuildFile; fileRef = FAB14DB01E1495E2002BEE21 /* FieldPhotoPageViewController.swift */; };
		FAB14DB31E14B9F0002BEE21 /* DistrictsTableViewController.swift in Sources */ = {isa = PBXBuildFile; fileRef = FAB14DB21E14B9F0002BEE21 /* DistrictsTableViewController.swift */; };
		FAD681BF1E01C62B0079E9D9 /* DistrictMainViewController.swift in Sources */ = {isa = PBXBuildFile; fileRef = FAD681BE1E01C62B0079E9D9 /* DistrictMainViewController.swift */; };
		FADB6CDA1E15C63F0033D974 /* MapViewController.swift in Sources */ = {isa = PBXBuildFile; fileRef = FADB6CD91E15C63F0033D974 /* MapViewController.swift */; };
		FADB6CDC1E15FB770033D974 /* AppDataController.swift in Sources */ = {isa = PBXBuildFile; fileRef = FADB6CDB1E15FB770033D974 /* AppDataController.swift */; };
/* End PBXBuildFile section */

/* Begin PBXFileReference section */
		FA0D9C7C1E2C47100097E378 /* FieldPhotoDataController.swift */ = {isa = PBXFileReference; fileEncoding = 4; lastKnownFileType = sourcecode.swift; path = FieldPhotoDataController.swift; sourceTree = "<group>"; };
		FA0D9C7E1E2C47520097E378 /* FieldPhotoViewController.swift */ = {isa = PBXFileReference; fileEncoding = 4; lastKnownFileType = sourcecode.swift; path = FieldPhotoViewController.swift; sourceTree = "<group>"; };
		FA0D9C821E2C48530097E378 /* FieldPhotoThumbnailCollectionViewCell.swift */ = {isa = PBXFileReference; fileEncoding = 4; lastKnownFileType = sourcecode.swift; path = FieldPhotoThumbnailCollectionViewCell.swift; sourceTree = "<group>"; };
		FA0D9C841E2C48920097E378 /* RootPhotoPagesViewController.swift */ = {isa = PBXFileReference; fileEncoding = 4; lastKnownFileType = sourcecode.swift; path = RootPhotoPagesViewController.swift; sourceTree = "<group>"; };
		FA0D9C861E2C49890097E378 /* FieldPhotoCollectionViewController.swift */ = {isa = PBXFileReference; fileEncoding = 4; lastKnownFileType = sourcecode.swift; path = FieldPhotoCollectionViewController.swift; sourceTree = "<group>"; };
		FA13B19A1E32E8DE0014F729 /* AppLaunchViewController.swift */ = {isa = PBXFileReference; fileEncoding = 4; lastKnownFileType = sourcecode.swift; path = AppLaunchViewController.swift; sourceTree = "<group>"; };
		FA154E481E3ABEEB00E37B90 /* FieldNoteTableViewCell.swift */ = {isa = PBXFileReference; fileEncoding = 4; lastKnownFileType = sourcecode.swift; path = FieldNoteTableViewCell.swift; sourceTree = "<group>"; };
		FA1C4ECC1E400E2C00CBFCC3 /* FieldNotesSummaryTableViewCell.swift */ = {isa = PBXFileReference; fileEncoding = 4; lastKnownFileType = sourcecode.swift; path = FieldNotesSummaryTableViewCell.swift; sourceTree = "<group>"; };
		FA2889E21E396B24000A24A8 /* WaterDistrictTableViewCell.swift */ = {isa = PBXFileReference; fileEncoding = 4; lastKnownFileType = sourcecode.swift; path = WaterDistrictTableViewCell.swift; sourceTree = "<group>"; };
		FA28EEB41DFF2D1D004A8167 /* CoreDataModel.xcdatamodel */ = {isa = PBXFileReference; lastKnownFileType = wrapper.xcdatamodel; path = CoreDataModel.xcdatamodel; sourceTree = "<group>"; };
		FA28EEB71DFF45D3004A8167 /* CoreDataStack.swift */ = {isa = PBXFileReference; fileEncoding = 4; lastKnownFileType = sourcecode.swift; path = CoreDataStack.swift; sourceTree = "<group>"; };
		FA28EEB91DFF4B1F004A8167 /* PersistenceController.swift */ = {isa = PBXFileReference; fileEncoding = 4; lastKnownFileType = sourcecode.swift; path = PersistenceController.swift; sourceTree = "<group>"; };
		FA28EEBC1DFF4CA6004A8167 /* DataEntryController.swift */ = {isa = PBXFileReference; fileEncoding = 4; lastKnownFileType = sourcecode.swift; path = DataEntryController.swift; sourceTree = "<group>"; };
		FA2AB13F1E1F128600FC72A8 /* UsersTableViewController.swift */ = {isa = PBXFileReference; fileEncoding = 4; lastKnownFileType = sourcecode.swift; path = UsersTableViewController.swift; sourceTree = "<group>"; };
		FA362CB91E49556E00D20B30 /* ModelExtension_iOS9.swift */ = {isa = PBXFileReference; fileEncoding = 4; lastKnownFileType = sourcecode.swift; path = ModelExtension_iOS9.swift; sourceTree = "<group>"; };
		FA426B871DFF51CD0036B28E /* MeasurementEnums.swift */ = {isa = PBXFileReference; fileEncoding = 4; lastKnownFileType = sourcecode.swift; path = MeasurementEnums.swift; sourceTree = "<group>"; };
		FA426B891DFF7FAD0036B28E /* DistrictController.swift */ = {isa = PBXFileReference; fileEncoding = 4; lastKnownFileType = sourcecode.swift; path = DistrictController.swift; sourceTree = "<group>"; };
		FA426B8B1DFF820D0036B28E /* MockDataController.swift */ = {isa = PBXFileReference; fileEncoding = 4; lastKnownFileType = sourcecode.swift; path = MockDataController.swift; sourceTree = "<group>"; };
		FA4801B91E31830900F000B8 /* NoWellAvailableViewController.swift */ = {isa = PBXFileReference; fileEncoding = 4; lastKnownFileType = sourcecode.swift; path = NoWellAvailableViewController.swift; sourceTree = "<group>"; };
		FA51ECCC1E0DCB640064C507 /* FieldPhotoTableViewCell.swift */ = {isa = PBXFileReference; fileEncoding = 4; lastKnownFileType = sourcecode.swift; path = FieldPhotoTableViewCell.swift; sourceTree = "<group>"; };
		FA60C0A31E2EA83E00259BEE /* AddNewFieldPhotoViewController.swift */ = {isa = PBXFileReference; fileEncoding = 4; lastKnownFileType = sourcecode.swift; path = AddNewFieldPhotoViewController.swift; sourceTree = "<group>"; };
		FA6B51381E0CE23700763631 /* WellSerialAndMetalTagTableViewCell.swift */ = {isa = PBXFileReference; fileEncoding = 4; lastKnownFileType = sourcecode.swift; path = WellSerialAndMetalTagTableViewCell.swift; sourceTree = "<group>"; };
		FA6B513A1E0CEF2400763631 /* FieldNotesTableViewCell.swift */ = {isa = PBXFileReference; fileEncoding = 4; lastKnownFileType = sourcecode.swift; path = FieldNotesTableViewCell.swift; sourceTree = "<group>"; };
		FA7452451E04C91D001B983C /* DataEntryDetailTableViewController.swift */ = {isa = PBXFileReference; fileEncoding = 4; lastKnownFileType = sourcecode.swift; path = DataEntryDetailTableViewController.swift; sourceTree = "<group>"; };
		FA8A93B21E42893200CB3644 /* AddNewFieldNoteViewController.swift */ = {isa = PBXFileReference; fileEncoding = 4; lastKnownFileType = sourcecode.swift; path = AddNewFieldNoteViewController.swift; sourceTree = "<group>"; };
		FA8A93B41E42964700CB3644 /* FieldNoteTextView.swift */ = {isa = PBXFileReference; fileEncoding = 4; lastKnownFileType = sourcecode.swift; path = FieldNoteTextView.swift; sourceTree = "<group>"; };
		FA8B5F2A1E41351F0068E99A /* ModelExtensions.swift */ = {isa = PBXFileReference; fileEncoding = 4; lastKnownFileType = sourcecode.swift; path = ModelExtensions.swift; sourceTree = "<group>"; };
		FA8B5F2C1E41371A0068E99A /* Well+CoreDataClass.swift */ = {isa = PBXFileReference; fileEncoding = 4; lastKnownFileType = sourcecode.swift; path = "Well+CoreDataClass.swift"; sourceTree = "<group>"; };
		FA8B5F2D1E41371A0068E99A /* Well+CoreDataProperties.swift */ = {isa = PBXFileReference; fileEncoding = 4; lastKnownFileType = sourcecode.swift; path = "Well+CoreDataProperties.swift"; sourceTree = "<group>"; };
		FA8B5F2E1E41371A0068E99A /* FieldNote+CoreDataClass.swift */ = {isa = PBXFileReference; fileEncoding = 4; lastKnownFileType = sourcecode.swift; path = "FieldNote+CoreDataClass.swift"; sourceTree = "<group>"; };
		FA8B5F2F1E41371A0068E99A /* FieldNote+CoreDataProperties.swift */ = {isa = PBXFileReference; fileEncoding = 4; lastKnownFileType = sourcecode.swift; path = "FieldNote+CoreDataProperties.swift"; sourceTree = "<group>"; };
		FA8B5F301E41371A0068E99A /* DataEntry+CoreDataClass.swift */ = {isa = PBXFileReference; fileEncoding = 4; lastKnownFileType = sourcecode.swift; path = "DataEntry+CoreDataClass.swift"; sourceTree = "<group>"; };
		FA8B5F311E41371A0068E99A /* DataEntry+CoreDataProperties.swift */ = {isa = PBXFileReference; fileEncoding = 4; lastKnownFileType = sourcecode.swift; path = "DataEntry+CoreDataProperties.swift"; sourceTree = "<group>"; };
		FA8B5F321E41371A0068E99A /* District+CoreDataClass.swift */ = {isa = PBXFileReference; fileEncoding = 4; lastKnownFileType = sourcecode.swift; path = "District+CoreDataClass.swift"; sourceTree = "<group>"; };
		FA8B5F331E41371A0068E99A /* District+CoreDataProperties.swift */ = {isa = PBXFileReference; fileEncoding = 4; lastKnownFileType = sourcecode.swift; path = "District+CoreDataProperties.swift"; sourceTree = "<group>"; };
		FA8B5F341E41371A0068E99A /* User+CoreDataClass.swift */ = {isa = PBXFileReference; fileEncoding = 4; lastKnownFileType = sourcecode.swift; path = "User+CoreDataClass.swift"; sourceTree = "<group>"; };
		FA8B5F351E41371A0068E99A /* User+CoreDataProperties.swift */ = {isa = PBXFileReference; fileEncoding = 4; lastKnownFileType = sourcecode.swift; path = "User+CoreDataProperties.swift"; sourceTree = "<group>"; };
		FA8B5F361E41371A0068E99A /* FieldPhoto+CoreDataClass.swift */ = {isa = PBXFileReference; fileEncoding = 4; lastKnownFileType = sourcecode.swift; path = "FieldPhoto+CoreDataClass.swift"; sourceTree = "<group>"; };
		FA8B5F371E41371A0068E99A /* FieldPhoto+CoreDataProperties.swift */ = {isa = PBXFileReference; fileEncoding = 4; lastKnownFileType = sourcecode.swift; path = "FieldPhoto+CoreDataProperties.swift"; sourceTree = "<group>"; };
		FA9ECB5B1E2580D2008D6838 /* WellSummaryTableViewController.swift */ = {isa = PBXFileReference; fileEncoding = 4; lastKnownFileType = sourcecode.swift; path = WellSummaryTableViewController.swift; sourceTree = "<group>"; };
		FAA777181E0B579E00FD6FD1 /* AddNewEntryTableViewController.swift */ = {isa = PBXFileReference; fileEncoding = 4; lastKnownFileType = sourcecode.swift; path = AddNewEntryTableViewController.swift; sourceTree = "<group>"; };
		FAA7771B1E0B7D0900FD6FD1 /* AddNewReadingTableViewCell.swift */ = {isa = PBXFileReference; fileEncoding = 4; lastKnownFileType = sourcecode.swift; path = AddNewReadingTableViewCell.swift; sourceTree = "<group>"; };
		FAA79EFB1DFCD59200EDC5BC /* WWCFieldAssistant.app */ = {isa = PBXFileReference; explicitFileType = wrapper.application; includeInIndex = 0; path = WWCFieldAssistant.app; sourceTree = BUILT_PRODUCTS_DIR; };
		FAA79EFE1DFCD59200EDC5BC /* AppDelegate.swift */ = {isa = PBXFileReference; lastKnownFileType = sourcecode.swift; path = AppDelegate.swift; sourceTree = "<group>"; };
		FAA79F031DFCD59200EDC5BC /* Base */ = {isa = PBXFileReference; lastKnownFileType = file.storyboard; name = Base; path = Base.lproj/Main.storyboard; sourceTree = "<group>"; };
		FAA79F051DFCD59200EDC5BC /* Assets.xcassets */ = {isa = PBXFileReference; lastKnownFileType = folder.assetcatalog; path = Assets.xcassets; sourceTree = "<group>"; };
		FAA79F081DFCD59200EDC5BC /* Base */ = {isa = PBXFileReference; lastKnownFileType = file.storyboard; name = Base; path = Base.lproj/LaunchScreen.storyboard; sourceTree = "<group>"; };
		FAA79F0A1DFCD59200EDC5BC /* Info.plist */ = {isa = PBXFileReference; lastKnownFileType = text.plist.xml; path = Info.plist; sourceTree = "<group>"; };
		FAB0534F1E01EFF6007A7BFB /* WellListTableViewController.swift */ = {isa = PBXFileReference; fileEncoding = 4; lastKnownFileType = sourcecode.swift; path = WellListTableViewController.swift; sourceTree = "<group>"; };
		FAB053511E01FA35007A7BFB /* DataEntryListTableViewController.swift */ = {isa = PBXFileReference; fileEncoding = 4; lastKnownFileType = sourcecode.swift; path = DataEntryListTableViewController.swift; sourceTree = "<group>"; };
		FAB053531E0200CC007A7BFB /* WellInfoTableViewController.swift */ = {isa = PBXFileReference; fileEncoding = 4; lastKnownFileType = sourcecode.swift; path = WellInfoTableViewController.swift; sourceTree = "<group>"; };
		FAB14DAE1E146F65002BEE21 /* MakeAndModelTableViewCell.swift */ = {isa = PBXFileReference; fileEncoding = 4; lastKnownFileType = sourcecode.swift; path = MakeAndModelTableViewCell.swift; sourceTree = "<group>"; };
		FAB14DB01E1495E2002BEE21 /* FieldPhotoPageViewController.swift */ = {isa = PBXFileReference; fileEncoding = 4; lastKnownFileType = sourcecode.swift; path = FieldPhotoPageViewController.swift; sourceTree = "<group>"; };
		FAB14DB21E14B9F0002BEE21 /* DistrictsTableViewController.swift */ = {isa = PBXFileReference; fileEncoding = 4; lastKnownFileType = sourcecode.swift; path = DistrictsTableViewController.swift; sourceTree = "<group>"; };
		FAD681BE1E01C62B0079E9D9 /* DistrictMainViewController.swift */ = {isa = PBXFileReference; fileEncoding = 4; lastKnownFileType = sourcecode.swift; path = DistrictMainViewController.swift; sourceTree = "<group>"; };
		FADB6CD91E15C63F0033D974 /* MapViewController.swift */ = {isa = PBXFileReference; fileEncoding = 4; lastKnownFileType = sourcecode.swift; path = MapViewController.swift; sourceTree = "<group>"; };
		FADB6CDB1E15FB770033D974 /* AppDataController.swift */ = {isa = PBXFileReference; fileEncoding = 4; lastKnownFileType = sourcecode.swift; path = AppDataController.swift; sourceTree = "<group>"; };
/* End PBXFileReference section */

/* Begin PBXFrameworksBuildPhase section */
		FAA79EF81DFCD59200EDC5BC /* Frameworks */ = {
			isa = PBXFrameworksBuildPhase;
			buildActionMask = 2147483647;
			files = (
			);
			runOnlyForDeploymentPostprocessing = 0;
		};
/* End PBXFrameworksBuildPhase section */

/* Begin PBXGroup section */
		FA13B19C1E32E8E60014F729 /* AppLaunch */ = {
			isa = PBXGroup;
			children = (
				FA13B19A1E32E8DE0014F729 /* AppLaunchViewController.swift */,
			);
			name = AppLaunch;
			sourceTree = "<group>";
		};
		FA28EEB61DFF45AE004A8167 /* CoreData */ = {
			isa = PBXGroup;
			children = (
				FA28EEB31DFF2D1D004A8167 /* CoreDataModel.xcdatamodeld */,
				FA28EEB71DFF45D3004A8167 /* CoreDataStack.swift */,
			);
			name = CoreData;
			sourceTree = "<group>";
		};
		FA28EEBB1DFF4B29004A8167 /* ModelControllers */ = {
			isa = PBXGroup;
			children = (
				FA28EEB91DFF4B1F004A8167 /* PersistenceController.swift */,
				FA28EEBC1DFF4CA6004A8167 /* DataEntryController.swift */,
				FA426B891DFF7FAD0036B28E /* DistrictController.swift */,
				FADB6CDB1E15FB770033D974 /* AppDataController.swift */,
				FA426B8B1DFF820D0036B28E /* MockDataController.swift */,
			);
			name = ModelControllers;
			sourceTree = "<group>";
		};
		FA28EED21DFF4D4F004A8167 /* Model */ = {
			isa = PBXGroup;
			children = (
				FA8B5F2C1E41371A0068E99A /* Well+CoreDataClass.swift */,
				FA8B5F2D1E41371A0068E99A /* Well+CoreDataProperties.swift */,
				FA8B5F2E1E41371A0068E99A /* FieldNote+CoreDataClass.swift */,
				FA8B5F2F1E41371A0068E99A /* FieldNote+CoreDataProperties.swift */,
				FA8B5F301E41371A0068E99A /* DataEntry+CoreDataClass.swift */,
				FA8B5F311E41371A0068E99A /* DataEntry+CoreDataProperties.swift */,
				FA8B5F321E41371A0068E99A /* District+CoreDataClass.swift */,
				FA8B5F331E41371A0068E99A /* District+CoreDataProperties.swift */,
				FA8B5F341E41371A0068E99A /* User+CoreDataClass.swift */,
				FA8B5F351E41371A0068E99A /* User+CoreDataProperties.swift */,
				FA8B5F361E41371A0068E99A /* FieldPhoto+CoreDataClass.swift */,
				FA8B5F371E41371A0068E99A /* FieldPhoto+CoreDataProperties.swift */,
				FA8B5F2A1E41351F0068E99A /* ModelExtensions.swift */,
				FA362CB91E49556E00D20B30 /* ModelExtension_iOS9.swift */,
				FA426B871DFF51CD0036B28E /* MeasurementEnums.swift */,
			);
			name = Model;
			path = ..;
			sourceTree = "<group>";
		};
		FA51ECCB1E0DC98A0064C507 /* New Entry */ = {
			isa = PBXGroup;
			children = (
				FAA777181E0B579E00FD6FD1 /* AddNewEntryTableViewController.swift */,
				FA51ECCC1E0DCB640064C507 /* FieldPhotoTableViewCell.swift */,
				FAA7771B1E0B7D0900FD6FD1 /* AddNewReadingTableViewCell.swift */,
				FA6B51381E0CE23700763631 /* WellSerialAndMetalTagTableViewCell.swift */,
				FAB14DAE1E146F65002BEE21 /* MakeAndModelTableViewCell.swift */,
				FA6B513A1E0CEF2400763631 /* FieldNotesTableViewCell.swift */,
			);
			name = "New Entry";
			sourceTree = "<group>";
		};
		FAA7771A1E0B57AE00FD6FD1 /* District Main */ = {
			isa = PBXGroup;
			children = (
				FA4801B91E31830900F000B8 /* NoWellAvailableViewController.swift */,
				FA60C0A31E2EA83E00259BEE /* AddNewFieldPhotoViewController.swift */,
				FA0D9C861E2C49890097E378 /* FieldPhotoCollectionViewController.swift */,
				FA2AB13F1E1F128600FC72A8 /* UsersTableViewController.swift */,
				FA0D9C7C1E2C47100097E378 /* FieldPhotoDataController.swift */,
				FA0D9C7E1E2C47520097E378 /* FieldPhotoViewController.swift */,
				FA0D9C821E2C48530097E378 /* FieldPhotoThumbnailCollectionViewCell.swift */,
				FA0D9C841E2C48920097E378 /* RootPhotoPagesViewController.swift */,
				FAD681BE1E01C62B0079E9D9 /* DistrictMainViewController.swift */,
				FA154E481E3ABEEB00E37B90 /* FieldNoteTableViewCell.swift */,
				FADB6CD91E15C63F0033D974 /* MapViewController.swift */,
				FAB14DB21E14B9F0002BEE21 /* DistrictsTableViewController.swift */,
				FAB053531E0200CC007A7BFB /* WellInfoTableViewController.swift */,
				FAB0534F1E01EFF6007A7BFB /* WellListTableViewController.swift */,
				FAB053511E01FA35007A7BFB /* DataEntryListTableViewController.swift */,
				FA8A93B21E42893200CB3644 /* AddNewFieldNoteViewController.swift */,
				FA8A93B41E42964700CB3644 /* FieldNoteTextView.swift */,
				FA9ECB5B1E2580D2008D6838 /* WellSummaryTableViewController.swift */,
				FA1C4ECC1E400E2C00CBFCC3 /* FieldNotesSummaryTableViewCell.swift */,
				FA2889E21E396B24000A24A8 /* WaterDistrictTableViewCell.swift */,
				FA7452451E04C91D001B983C /* DataEntryDetailTableViewController.swift */,
				FAB14DB01E1495E2002BEE21 /* FieldPhotoPageViewController.swift */,
			);
			name = "District Main";
			sourceTree = "<group>";
		};
		FAA79EF21DFCD59200EDC5BC = {
			isa = PBXGroup;
			children = (
				FAA79EFD1DFCD59200EDC5BC /* WWCFieldAssistant */,
				FAA79EFC1DFCD59200EDC5BC /* Products */,
			);
			sourceTree = "<group>";
		};
		FAA79EFC1DFCD59200EDC5BC /* Products */ = {
			isa = PBXGroup;
			children = (
				FAA79EFB1DFCD59200EDC5BC /* WWCFieldAssistant.app */,
			);
			name = Products;
			sourceTree = "<group>";
		};
		FAA79EFD1DFCD59200EDC5BC /* WWCFieldAssistant */ = {
			isa = PBXGroup;
			children = (
				FA28EED21DFF4D4F004A8167 /* Model */,
				FAA79EFE1DFCD59200EDC5BC /* AppDelegate.swift */,
				FAA79F021DFCD59200EDC5BC /* Main.storyboard */,
				FAD681C01E01C6390079E9D9 /* View Controllers */,
				FA28EEBB1DFF4B29004A8167 /* ModelControllers */,
				FA28EEB61DFF45AE004A8167 /* CoreData */,
				FAA79F051DFCD59200EDC5BC /* Assets.xcassets */,
				FAA79F071DFCD59200EDC5BC /* LaunchScreen.storyboard */,
				FAA79F0A1DFCD59200EDC5BC /* Info.plist */,
			);
			path = WWCFieldAssistant;
			sourceTree = "<group>";
		};
		FAD681C01E01C6390079E9D9 /* View Controllers */ = {
			isa = PBXGroup;
			children = (
				FA13B19C1E32E8E60014F729 /* AppLaunch */,
				FAA7771A1E0B57AE00FD6FD1 /* District Main */,
				FA51ECCB1E0DC98A0064C507 /* New Entry */,
			);
			name = "View Controllers";
			sourceTree = "<group>";
		};
/* End PBXGroup section */

/* Begin PBXNativeTarget section */
		FAA79EFA1DFCD59200EDC5BC /* WWCFieldAssistant */ = {
			isa = PBXNativeTarget;
			buildConfigurationList = FAA79F0D1DFCD59200EDC5BC /* Build configuration list for PBXNativeTarget "WWCFieldAssistant" */;
			buildPhases = (
				FAA79EF71DFCD59200EDC5BC /* Sources */,
				FAA79EF81DFCD59200EDC5BC /* Frameworks */,
				FAA79EF91DFCD59200EDC5BC /* Resources */,
			);
			buildRules = (
			);
			dependencies = (
			);
			name = WWCFieldAssistant;
			productName = WWCFieldAssistant;
			productReference = FAA79EFB1DFCD59200EDC5BC /* WWCFieldAssistant.app */;
			productType = "com.apple.product-type.application";
		};
/* End PBXNativeTarget section */

/* Begin PBXProject section */
		FAA79EF31DFCD59200EDC5BC /* Project object */ = {
			isa = PBXProject;
			attributes = {
				LastSwiftUpdateCheck = 0810;
				LastUpgradeCheck = 0820;
				ORGANIZATIONNAME = "Austin Blaser";
				TargetAttributes = {
					FAA79EFA1DFCD59200EDC5BC = {
						CreatedOnToolsVersion = 8.1;
						DevelopmentTeam = QYV5ZZB7LD;
						ProvisioningStyle = Automatic;
					};
				};
			};
			buildConfigurationList = FAA79EF61DFCD59200EDC5BC /* Build configuration list for PBXProject "WWCFieldAssistant" */;
			compatibilityVersion = "Xcode 3.2";
			developmentRegion = English;
			hasScannedForEncodings = 0;
			knownRegions = (
				en,
				Base,
			);
			mainGroup = FAA79EF21DFCD59200EDC5BC;
			productRefGroup = FAA79EFC1DFCD59200EDC5BC /* Products */;
			projectDirPath = "";
			projectRoot = "";
			targets = (
				FAA79EFA1DFCD59200EDC5BC /* WWCFieldAssistant */,
			);
		};
/* End PBXProject section */

/* Begin PBXResourcesBuildPhase section */
		FAA79EF91DFCD59200EDC5BC /* Resources */ = {
			isa = PBXResourcesBuildPhase;
			buildActionMask = 2147483647;
			files = (
				FAA79F091DFCD59200EDC5BC /* LaunchScreen.storyboard in Resources */,
				FAA79F061DFCD59200EDC5BC /* Assets.xcassets in Resources */,
				FAA79F041DFCD59200EDC5BC /* Main.storyboard in Resources */,
			);
			runOnlyForDeploymentPostprocessing = 0;
		};
/* End PBXResourcesBuildPhase section */

/* Begin PBXSourcesBuildPhase section */
		FAA79EF71DFCD59200EDC5BC /* Sources */ = {
			isa = PBXSourcesBuildPhase;
			buildActionMask = 2147483647;
			files = (
				FA51ECCD1E0DCB640064C507 /* FieldPhotoTableViewCell.swift in Sources */,
				FA6B513B1E0CEF2400763631 /* FieldNotesTableViewCell.swift in Sources */,
				FAB053501E01EFF6007A7BFB /* WellListTableViewController.swift in Sources */,
				FA426B8A1DFF7FAD0036B28E /* DistrictController.swift in Sources */,
				FAB14DAF1E146F65002BEE21 /* MakeAndModelTableViewCell.swift in Sources */,
				FAA7771C1E0B7D0900FD6FD1 /* AddNewReadingTableViewCell.swift in Sources */,
				FA8B5F401E41371A0068E99A /* User+CoreDataClass.swift in Sources */,
				FA8B5F411E41371A0068E99A /* User+CoreDataProperties.swift in Sources */,
				FA8B5F3A1E41371A0068E99A /* FieldNote+CoreDataClass.swift in Sources */,
				FA4801BA1E31830900F000B8 /* NoWellAvailableViewController.swift in Sources */,
				FA154E491E3ABEEB00E37B90 /* FieldNoteTableViewCell.swift in Sources */,
				FADB6CDC1E15FB770033D974 /* AppDataController.swift in Sources */,
				FAA777191E0B579E00FD6FD1 /* AddNewEntryTableViewController.swift in Sources */,
				FA8B5F2B1E41351F0068E99A /* ModelExtensions.swift in Sources */,
				FA8B5F391E41371A0068E99A /* Well+CoreDataProperties.swift in Sources */,
				FA28EEB81DFF45D3004A8167 /* CoreDataStack.swift in Sources */,
				FA28EEB51DFF2D1D004A8167 /* CoreDataModel.xcdatamodeld in Sources */,
				FA13B19B1E32E8DE0014F729 /* AppLaunchViewController.swift in Sources */,
				FAB053521E01FA35007A7BFB /* DataEntryListTableViewController.swift in Sources */,
				FA8B5F3E1E41371A0068E99A /* District+CoreDataClass.swift in Sources */,
				FA28EEBD1DFF4CA6004A8167 /* DataEntryController.swift in Sources */,
				FA0D9C851E2C48920097E378 /* RootPhotoPagesViewController.swift in Sources */,
				FA8B5F381E41371A0068E99A /* Well+CoreDataClass.swift in Sources */,
				FA8B5F3F1E41371A0068E99A /* District+CoreDataProperties.swift in Sources */,
				FA0D9C831E2C48530097E378 /* FieldPhotoThumbnailCollectionViewCell.swift in Sources */,
				FA7452461E04C91D001B983C /* DataEntryDetailTableViewController.swift in Sources */,
				FAB14DB11E1495E2002BEE21 /* FieldPhotoPageViewController.swift in Sources */,
				FAA79EFF1DFCD59200EDC5BC /* AppDelegate.swift in Sources */,
				FAB14DB31E14B9F0002BEE21 /* DistrictsTableViewController.swift in Sources */,
				FA8B5F431E41371A0068E99A /* FieldPhoto+CoreDataProperties.swift in Sources */,
				FA0D9C7F1E2C47520097E378 /* FieldPhotoViewController.swift in Sources */,
				FA28EEBA1DFF4B1F004A8167 /* PersistenceController.swift in Sources */,
				FA6B51391E0CE23700763631 /* WellSerialAndMetalTagTableViewCell.swift in Sources */,
				FA1C4ECD1E400E2C00CBFCC3 /* FieldNotesSummaryTableViewCell.swift in Sources */,
				FA0D9C7D1E2C47100097E378 /* FieldPhotoDataController.swift in Sources */,
				FADB6CDA1E15C63F0033D974 /* MapViewController.swift in Sources */,
				FA8B5F3B1E41371A0068E99A /* FieldNote+CoreDataProperties.swift in Sources */,
				FA8B5F3C1E41371A0068E99A /* DataEntry+CoreDataClass.swift in Sources */,
				FA8A93B31E42893200CB3644 /* AddNewFieldNoteViewController.swift in Sources */,
				FAD681BF1E01C62B0079E9D9 /* DistrictMainViewController.swift in Sources */,
				FA9ECB5C1E2580D2008D6838 /* WellSummaryTableViewController.swift in Sources */,
				FA426B8C1DFF820D0036B28E /* MockDataController.swift in Sources */,
				FAB053541E0200CC007A7BFB /* WellInfoTableViewController.swift in Sources */,
				FA2889E31E396B24000A24A8 /* WaterDistrictTableViewCell.swift in Sources */,
				FA362CBA1E49556E00D20B30 /* ModelExtension_iOS9.swift in Sources */,
				FA0D9C871E2C49890097E378 /* FieldPhotoCollectionViewController.swift in Sources */,
				FA8A93B51E42964700CB3644 /* FieldNoteTextView.swift in Sources */,
				FA8B5F421E41371A0068E99A /* FieldPhoto+CoreDataClass.swift in Sources */,
				FA8B5F3D1E41371A0068E99A /* DataEntry+CoreDataProperties.swift in Sources */,
				FA60C0A41E2EA83E00259BEE /* AddNewFieldPhotoViewController.swift in Sources */,
				FA2AB1401E1F128600FC72A8 /* UsersTableViewController.swift in Sources */,
				FA426B881DFF51CD0036B28E /* MeasurementEnums.swift in Sources */,
			);
			runOnlyForDeploymentPostprocessing = 0;
		};
/* End PBXSourcesBuildPhase section */

/* Begin PBXVariantGroup section */
		FAA79F021DFCD59200EDC5BC /* Main.storyboard */ = {
			isa = PBXVariantGroup;
			children = (
				FAA79F031DFCD59200EDC5BC /* Base */,
			);
			name = Main.storyboard;
			sourceTree = "<group>";
		};
		FAA79F071DFCD59200EDC5BC /* LaunchScreen.storyboard */ = {
			isa = PBXVariantGroup;
			children = (
				FAA79F081DFCD59200EDC5BC /* Base */,
			);
			name = LaunchScreen.storyboard;
			sourceTree = "<group>";
		};
/* End PBXVariantGroup section */

/* Begin XCBuildConfiguration section */
		FAA79F0B1DFCD59200EDC5BC /* Debug */ = {
			isa = XCBuildConfiguration;
			buildSettings = {
				ALWAYS_SEARCH_USER_PATHS = NO;
				CLANG_ANALYZER_NONNULL = YES;
				CLANG_CXX_LANGUAGE_STANDARD = "gnu++0x";
				CLANG_CXX_LIBRARY = "libc++";
				CLANG_ENABLE_MODULES = YES;
				CLANG_ENABLE_OBJC_ARC = YES;
				CLANG_WARN_BOOL_CONVERSION = YES;
				CLANG_WARN_CONSTANT_CONVERSION = YES;
				CLANG_WARN_DIRECT_OBJC_ISA_USAGE = YES_ERROR;
				CLANG_WARN_DOCUMENTATION_COMMENTS = YES;
				CLANG_WARN_EMPTY_BODY = YES;
				CLANG_WARN_ENUM_CONVERSION = YES;
				CLANG_WARN_INFINITE_RECURSION = YES;
				CLANG_WARN_INT_CONVERSION = YES;
				CLANG_WARN_OBJC_ROOT_CLASS = YES_ERROR;
				CLANG_WARN_SUSPICIOUS_MOVE = YES;
				CLANG_WARN_SUSPICIOUS_MOVES = YES;
				CLANG_WARN_UNREACHABLE_CODE = YES;
				CLANG_WARN__DUPLICATE_METHOD_MATCH = YES;
				"CODE_SIGN_IDENTITY[sdk=iphoneos*]" = "iPhone Developer";
				COPY_PHASE_STRIP = NO;
				DEBUG_INFORMATION_FORMAT = dwarf;
				ENABLE_STRICT_OBJC_MSGSEND = YES;
				ENABLE_TESTABILITY = YES;
				GCC_C_LANGUAGE_STANDARD = gnu99;
				GCC_DYNAMIC_NO_PIC = NO;
				GCC_NO_COMMON_BLOCKS = YES;
				GCC_OPTIMIZATION_LEVEL = 0;
				GCC_PREPROCESSOR_DEFINITIONS = (
					"DEBUG=1",
					"$(inherited)",
				);
				GCC_WARN_64_TO_32_BIT_CONVERSION = YES;
				GCC_WARN_ABOUT_RETURN_TYPE = YES_ERROR;
				GCC_WARN_UNDECLARED_SELECTOR = YES;
				GCC_WARN_UNINITIALIZED_AUTOS = YES_AGGRESSIVE;
				GCC_WARN_UNUSED_FUNCTION = YES;
				GCC_WARN_UNUSED_VARIABLE = YES;
				IPHONEOS_DEPLOYMENT_TARGET = 9.3;
				MTL_ENABLE_DEBUG_INFO = YES;
				ONLY_ACTIVE_ARCH = YES;
				SDKROOT = iphoneos;
				SWIFT_ACTIVE_COMPILATION_CONDITIONS = DEBUG;
				SWIFT_OPTIMIZATION_LEVEL = "-Onone";
				TARGETED_DEVICE_FAMILY = 2;
			};
			name = Debug;
		};
		FAA79F0C1DFCD59200EDC5BC /* Release */ = {
			isa = XCBuildConfiguration;
			buildSettings = {
				ALWAYS_SEARCH_USER_PATHS = NO;
				CLANG_ANALYZER_NONNULL = YES;
				CLANG_CXX_LANGUAGE_STANDARD = "gnu++0x";
				CLANG_CXX_LIBRARY = "libc++";
				CLANG_ENABLE_MODULES = YES;
				CLANG_ENABLE_OBJC_ARC = YES;
				CLANG_WARN_BOOL_CONVERSION = YES;
				CLANG_WARN_CONSTANT_CONVERSION = YES;
				CLANG_WARN_DIRECT_OBJC_ISA_USAGE = YES_ERROR;
				CLANG_WARN_DOCUMENTATION_COMMENTS = YES;
				CLANG_WARN_EMPTY_BODY = YES;
				CLANG_WARN_ENUM_CONVERSION = YES;
				CLANG_WARN_INFINITE_RECURSION = YES;
				CLANG_WARN_INT_CONVERSION = YES;
				CLANG_WARN_OBJC_ROOT_CLASS = YES_ERROR;
				CLANG_WARN_SUSPICIOUS_MOVE = YES;
				CLANG_WARN_SUSPICIOUS_MOVES = YES;
				CLANG_WARN_UNREACHABLE_CODE = YES;
				CLANG_WARN__DUPLICATE_METHOD_MATCH = YES;
				"CODE_SIGN_IDENTITY[sdk=iphoneos*]" = "iPhone Developer";
				COPY_PHASE_STRIP = NO;
				DEBUG_INFORMATION_FORMAT = "dwarf-with-dsym";
				ENABLE_NS_ASSERTIONS = NO;
				ENABLE_STRICT_OBJC_MSGSEND = YES;
				GCC_C_LANGUAGE_STANDARD = gnu99;
				GCC_NO_COMMON_BLOCKS = YES;
				GCC_WARN_64_TO_32_BIT_CONVERSION = YES;
				GCC_WARN_ABOUT_RETURN_TYPE = YES_ERROR;
				GCC_WARN_UNDECLARED_SELECTOR = YES;
				GCC_WARN_UNINITIALIZED_AUTOS = YES_AGGRESSIVE;
				GCC_WARN_UNUSED_FUNCTION = YES;
				GCC_WARN_UNUSED_VARIABLE = YES;
				IPHONEOS_DEPLOYMENT_TARGET = 9.3;
				MTL_ENABLE_DEBUG_INFO = NO;
				SDKROOT = iphoneos;
				SWIFT_OPTIMIZATION_LEVEL = "-Owholemodule";
				TARGETED_DEVICE_FAMILY = 2;
				VALIDATE_PRODUCT = YES;
			};
			name = Release;
		};
		FAA79F0E1DFCD59200EDC5BC /* Debug */ = {
			isa = XCBuildConfiguration;
			buildSettings = {
				ASSETCATALOG_COMPILER_APPICON_NAME = AppIcon;
				DEVELOPMENT_TEAM = QYV5ZZB7LD;
				INFOPLIST_FILE = WWCFieldAssistant/Info.plist;
				IPHONEOS_DEPLOYMENT_TARGET = 9.3;
				LD_RUNPATH_SEARCH_PATHS = "$(inherited) @executable_path/Frameworks";
				PRODUCT_BUNDLE_IDENTIFIER = com.AustinBlaser.WMFieldAssistant;
				PRODUCT_NAME = "$(TARGET_NAME)";
				SWIFT_VERSION = 3.0;
			};
			name = Debug;
		};
		FAA79F0F1DFCD59200EDC5BC /* Release */ = {
			isa = XCBuildConfiguration;
			buildSettings = {
				ASSETCATALOG_COMPILER_APPICON_NAME = AppIcon;
				DEVELOPMENT_TEAM = QYV5ZZB7LD;
				INFOPLIST_FILE = WWCFieldAssistant/Info.plist;
				IPHONEOS_DEPLOYMENT_TARGET = 9.3;
				LD_RUNPATH_SEARCH_PATHS = "$(inherited) @executable_path/Frameworks";
				PRODUCT_BUNDLE_IDENTIFIER = com.AustinBlaser.WMFieldAssistant;
				PRODUCT_NAME = "$(TARGET_NAME)";
				SWIFT_VERSION = 3.0;
			};
			name = Release;
		};
/* End XCBuildConfiguration section */

/* Begin XCConfigurationList section */
		FAA79EF61DFCD59200EDC5BC /* Build configuration list for PBXProject "WWCFieldAssistant" */ = {
			isa = XCConfigurationList;
			buildConfigurations = (
				FAA79F0B1DFCD59200EDC5BC /* Debug */,
				FAA79F0C1DFCD59200EDC5BC /* Release */,
			);
			defaultConfigurationIsVisible = 0;
			defaultConfigurationName = Release;
		};
		FAA79F0D1DFCD59200EDC5BC /* Build configuration list for PBXNativeTarget "WWCFieldAssistant" */ = {
			isa = XCConfigurationList;
			buildConfigurations = (
				FAA79F0E1DFCD59200EDC5BC /* Debug */,
				FAA79F0F1DFCD59200EDC5BC /* Release */,
			);
			defaultConfigurationIsVisible = 0;
			defaultConfigurationName = Release;
		};
/* End XCConfigurationList section */

/* Begin XCVersionGroup section */
		FA28EEB31DFF2D1D004A8167 /* CoreDataModel.xcdatamodeld */ = {
			isa = XCVersionGroup;
			children = (
				FA28EEB41DFF2D1D004A8167 /* CoreDataModel.xcdatamodel */,
			);
			currentVersion = FA28EEB41DFF2D1D004A8167 /* CoreDataModel.xcdatamodel */;
			path = CoreDataModel.xcdatamodeld;
			sourceTree = "<group>";
			versionGroupType = wrapper.xcdatamodel;
		};
/* End XCVersionGroup section */
	};
	rootObject = FAA79EF31DFCD59200EDC5BC /* Project object */;
}
