// !$*UTF8*$!
{
	archiveVersion = 1;
	classes = {
	};
	objectVersion = 46;
	objects = {

/* Begin PBXBuildFile section */
		FA28EEB51DFF2D1D004A8167 /* CoreDataModel.xcdatamodeld in Sources */ = {isa = PBXBuildFile; fileRef = FA28EEB31DFF2D1D004A8167 /* CoreDataModel.xcdatamodeld */; };
		FA28EEB81DFF45D3004A8167 /* CoreDataStack.swift in Sources */ = {isa = PBXBuildFile; fileRef = FA28EEB71DFF45D3004A8167 /* CoreDataStack.swift */; };
		FA28EEBA1DFF4B1F004A8167 /* PersistenceController.swift in Sources */ = {isa = PBXBuildFile; fileRef = FA28EEB91DFF4B1F004A8167 /* PersistenceController.swift */; };
		FA28EEBD1DFF4CA6004A8167 /* DataEntryController.swift in Sources */ = {isa = PBXBuildFile; fileRef = FA28EEBC1DFF4CA6004A8167 /* DataEntryController.swift */; };
		FA28EEC81DFF4D49004A8167 /* District+CoreDataClass.swift in Sources */ = {isa = PBXBuildFile; fileRef = FA28EEBE1DFF4D49004A8167 /* District+CoreDataClass.swift */; };
		FA28EEC91DFF4D49004A8167 /* District+CoreDataProperties.swift in Sources */ = {isa = PBXBuildFile; fileRef = FA28EEBF1DFF4D49004A8167 /* District+CoreDataProperties.swift */; };
		FA28EECA1DFF4D49004A8167 /* DataEntry+CoreDataClass.swift in Sources */ = {isa = PBXBuildFile; fileRef = FA28EEC01DFF4D49004A8167 /* DataEntry+CoreDataClass.swift */; };
		FA28EECB1DFF4D49004A8167 /* DataEntry+CoreDataProperties.swift in Sources */ = {isa = PBXBuildFile; fileRef = FA28EEC11DFF4D49004A8167 /* DataEntry+CoreDataProperties.swift */; };
		FA28EECC1DFF4D49004A8167 /* FieldPhoto+CoreDataClass.swift in Sources */ = {isa = PBXBuildFile; fileRef = FA28EEC21DFF4D49004A8167 /* FieldPhoto+CoreDataClass.swift */; };
		FA28EECD1DFF4D49004A8167 /* FieldPhoto+CoreDataProperties.swift in Sources */ = {isa = PBXBuildFile; fileRef = FA28EEC31DFF4D49004A8167 /* FieldPhoto+CoreDataProperties.swift */; };
		FA28EECE1DFF4D49004A8167 /* Well+CoreDataClass.swift in Sources */ = {isa = PBXBuildFile; fileRef = FA28EEC41DFF4D49004A8167 /* Well+CoreDataClass.swift */; };
		FA28EECF1DFF4D49004A8167 /* Well+CoreDataProperties.swift in Sources */ = {isa = PBXBuildFile; fileRef = FA28EEC51DFF4D49004A8167 /* Well+CoreDataProperties.swift */; };
		FA28EED01DFF4D49004A8167 /* User+CoreDataClass.swift in Sources */ = {isa = PBXBuildFile; fileRef = FA28EEC61DFF4D49004A8167 /* User+CoreDataClass.swift */; };
		FA28EED11DFF4D49004A8167 /* User+CoreDataProperties.swift in Sources */ = {isa = PBXBuildFile; fileRef = FA28EEC71DFF4D49004A8167 /* User+CoreDataProperties.swift */; };
		FA426B881DFF51CD0036B28E /* MeasurementEnums.swift in Sources */ = {isa = PBXBuildFile; fileRef = FA426B871DFF51CD0036B28E /* MeasurementEnums.swift */; };
		FA426B8A1DFF7FAD0036B28E /* DistrictController.swift in Sources */ = {isa = PBXBuildFile; fileRef = FA426B891DFF7FAD0036B28E /* DistrictController.swift */; };
		FAA79EFF1DFCD59200EDC5BC /* AppDelegate.swift in Sources */ = {isa = PBXBuildFile; fileRef = FAA79EFE1DFCD59200EDC5BC /* AppDelegate.swift */; };
		FAA79F041DFCD59200EDC5BC /* Main.storyboard in Resources */ = {isa = PBXBuildFile; fileRef = FAA79F021DFCD59200EDC5BC /* Main.storyboard */; };
		FAA79F061DFCD59200EDC5BC /* Assets.xcassets in Resources */ = {isa = PBXBuildFile; fileRef = FAA79F051DFCD59200EDC5BC /* Assets.xcassets */; };
		FAA79F091DFCD59200EDC5BC /* LaunchScreen.storyboard in Resources */ = {isa = PBXBuildFile; fileRef = FAA79F071DFCD59200EDC5BC /* LaunchScreen.storyboard */; };
/* End PBXBuildFile section */

/* Begin PBXFileReference section */
		FA28EEB41DFF2D1D004A8167 /* CoreDataModel.xcdatamodel */ = {isa = PBXFileReference; lastKnownFileType = wrapper.xcdatamodel; path = CoreDataModel.xcdatamodel; sourceTree = "<group>"; };
		FA28EEB71DFF45D3004A8167 /* CoreDataStack.swift */ = {isa = PBXFileReference; fileEncoding = 4; lastKnownFileType = sourcecode.swift; path = CoreDataStack.swift; sourceTree = "<group>"; };
		FA28EEB91DFF4B1F004A8167 /* PersistenceController.swift */ = {isa = PBXFileReference; fileEncoding = 4; lastKnownFileType = sourcecode.swift; path = PersistenceController.swift; sourceTree = "<group>"; };
		FA28EEBC1DFF4CA6004A8167 /* DataEntryController.swift */ = {isa = PBXFileReference; fileEncoding = 4; lastKnownFileType = sourcecode.swift; path = DataEntryController.swift; sourceTree = "<group>"; };
		FA28EEBE1DFF4D49004A8167 /* District+CoreDataClass.swift */ = {isa = PBXFileReference; fileEncoding = 4; lastKnownFileType = sourcecode.swift; name = "District+CoreDataClass.swift"; path = "WWCFieldAssistant/District+CoreDataClass.swift"; sourceTree = "<group>"; };
		FA28EEBF1DFF4D49004A8167 /* District+CoreDataProperties.swift */ = {isa = PBXFileReference; fileEncoding = 4; lastKnownFileType = sourcecode.swift; name = "District+CoreDataProperties.swift"; path = "WWCFieldAssistant/District+CoreDataProperties.swift"; sourceTree = "<group>"; };
		FA28EEC01DFF4D49004A8167 /* DataEntry+CoreDataClass.swift */ = {isa = PBXFileReference; fileEncoding = 4; lastKnownFileType = sourcecode.swift; name = "DataEntry+CoreDataClass.swift"; path = "WWCFieldAssistant/DataEntry+CoreDataClass.swift"; sourceTree = "<group>"; };
		FA28EEC11DFF4D49004A8167 /* DataEntry+CoreDataProperties.swift */ = {isa = PBXFileReference; fileEncoding = 4; lastKnownFileType = sourcecode.swift; name = "DataEntry+CoreDataProperties.swift"; path = "WWCFieldAssistant/DataEntry+CoreDataProperties.swift"; sourceTree = "<group>"; };
		FA28EEC21DFF4D49004A8167 /* FieldPhoto+CoreDataClass.swift */ = {isa = PBXFileReference; fileEncoding = 4; lastKnownFileType = sourcecode.swift; name = "FieldPhoto+CoreDataClass.swift"; path = "WWCFieldAssistant/FieldPhoto+CoreDataClass.swift"; sourceTree = "<group>"; };
		FA28EEC31DFF4D49004A8167 /* FieldPhoto+CoreDataProperties.swift */ = {isa = PBXFileReference; fileEncoding = 4; lastKnownFileType = sourcecode.swift; name = "FieldPhoto+CoreDataProperties.swift"; path = "WWCFieldAssistant/FieldPhoto+CoreDataProperties.swift"; sourceTree = "<group>"; };
		FA28EEC41DFF4D49004A8167 /* Well+CoreDataClass.swift */ = {isa = PBXFileReference; fileEncoding = 4; lastKnownFileType = sourcecode.swift; name = "Well+CoreDataClass.swift"; path = "WWCFieldAssistant/Well+CoreDataClass.swift"; sourceTree = "<group>"; };
		FA28EEC51DFF4D49004A8167 /* Well+CoreDataProperties.swift */ = {isa = PBXFileReference; fileEncoding = 4; lastKnownFileType = sourcecode.swift; name = "Well+CoreDataProperties.swift"; path = "WWCFieldAssistant/Well+CoreDataProperties.swift"; sourceTree = "<group>"; };
		FA28EEC61DFF4D49004A8167 /* User+CoreDataClass.swift */ = {isa = PBXFileReference; fileEncoding = 4; lastKnownFileType = sourcecode.swift; name = "User+CoreDataClass.swift"; path = "WWCFieldAssistant/User+CoreDataClass.swift"; sourceTree = "<group>"; };
		FA28EEC71DFF4D49004A8167 /* User+CoreDataProperties.swift */ = {isa = PBXFileReference; fileEncoding = 4; lastKnownFileType = sourcecode.swift; name = "User+CoreDataProperties.swift"; path = "WWCFieldAssistant/User+CoreDataProperties.swift"; sourceTree = "<group>"; };
		FA426B871DFF51CD0036B28E /* MeasurementEnums.swift */ = {isa = PBXFileReference; fileEncoding = 4; lastKnownFileType = sourcecode.swift; path = MeasurementEnums.swift; sourceTree = "<group>"; };
		FA426B891DFF7FAD0036B28E /* DistrictController.swift */ = {isa = PBXFileReference; fileEncoding = 4; lastKnownFileType = sourcecode.swift; path = DistrictController.swift; sourceTree = "<group>"; };
		FAA79EFB1DFCD59200EDC5BC /* WWCFieldAssistant.app */ = {isa = PBXFileReference; explicitFileType = wrapper.application; includeInIndex = 0; path = WWCFieldAssistant.app; sourceTree = BUILT_PRODUCTS_DIR; };
		FAA79EFE1DFCD59200EDC5BC /* AppDelegate.swift */ = {isa = PBXFileReference; lastKnownFileType = sourcecode.swift; path = AppDelegate.swift; sourceTree = "<group>"; };
		FAA79F031DFCD59200EDC5BC /* Base */ = {isa = PBXFileReference; lastKnownFileType = file.storyboard; name = Base; path = Base.lproj/Main.storyboard; sourceTree = "<group>"; };
		FAA79F051DFCD59200EDC5BC /* Assets.xcassets */ = {isa = PBXFileReference; lastKnownFileType = folder.assetcatalog; path = Assets.xcassets; sourceTree = "<group>"; };
		FAA79F081DFCD59200EDC5BC /* Base */ = {isa = PBXFileReference; lastKnownFileType = file.storyboard; name = Base; path = Base.lproj/LaunchScreen.storyboard; sourceTree = "<group>"; };
		FAA79F0A1DFCD59200EDC5BC /* Info.plist */ = {isa = PBXFileReference; lastKnownFileType = text.plist.xml; path = Info.plist; sourceTree = "<group>"; };
/* End PBXFileReference section */

/* Begin PBXFrameworksBuildPhase section */
		FAA79EF81DFCD59200EDC5BC /* Frameworks */ = {
			isa = PBXFrameworksBuildPhase;
			buildActionMask = 2147483647;
			files = (
			);
			runOnlyForDeploymentPostprocessing = 0;
		};
/* End PBXFrameworksBuildPhase section */

/* Begin PBXGroup section */
		FA28EEB61DFF45AE004A8167 /* CoreData */ = {
			isa = PBXGroup;
			children = (
				FA28EEB31DFF2D1D004A8167 /* CoreDataModel.xcdatamodeld */,
				FA28EEB71DFF45D3004A8167 /* CoreDataStack.swift */,
			);
			name = CoreData;
			sourceTree = "<group>";
		};
		FA28EEBB1DFF4B29004A8167 /* ModelControllers */ = {
			isa = PBXGroup;
			children = (
				FA28EEB91DFF4B1F004A8167 /* PersistenceController.swift */,
				FA28EEBC1DFF4CA6004A8167 /* DataEntryController.swift */,
				FA426B891DFF7FAD0036B28E /* DistrictController.swift */,
			);
			name = ModelControllers;
			sourceTree = "<group>";
		};
		FA28EED21DFF4D4F004A8167 /* Model */ = {
			isa = PBXGroup;
			children = (
				FA28EEBE1DFF4D49004A8167 /* District+CoreDataClass.swift */,
				FA28EEBF1DFF4D49004A8167 /* District+CoreDataProperties.swift */,
				FA28EEC01DFF4D49004A8167 /* DataEntry+CoreDataClass.swift */,
				FA28EEC11DFF4D49004A8167 /* DataEntry+CoreDataProperties.swift */,
				FA28EEC21DFF4D49004A8167 /* FieldPhoto+CoreDataClass.swift */,
				FA28EEC31DFF4D49004A8167 /* FieldPhoto+CoreDataProperties.swift */,
				FA28EEC41DFF4D49004A8167 /* Well+CoreDataClass.swift */,
				FA28EEC51DFF4D49004A8167 /* Well+CoreDataProperties.swift */,
				FA28EEC61DFF4D49004A8167 /* User+CoreDataClass.swift */,
				FA28EEC71DFF4D49004A8167 /* User+CoreDataProperties.swift */,
				FA426B871DFF51CD0036B28E /* MeasurementEnums.swift */,
			);
			name = Model;
			path = ..;
			sourceTree = "<group>";
		};
		FAA79EF21DFCD59200EDC5BC = {
			isa = PBXGroup;
			children = (
				FAA79EFD1DFCD59200EDC5BC /* WWCFieldAssistant */,
				FAA79EFC1DFCD59200EDC5BC /* Products */,
			);
			sourceTree = "<group>";
		};
		FAA79EFC1DFCD59200EDC5BC /* Products */ = {
			isa = PBXGroup;
			children = (
				FAA79EFB1DFCD59200EDC5BC /* WWCFieldAssistant.app */,
			);
			name = Products;
			sourceTree = "<group>";
		};
		FAA79EFD1DFCD59200EDC5BC /* WWCFieldAssistant */ = {
			isa = PBXGroup;
			children = (
				FA28EED21DFF4D4F004A8167 /* Model */,
				FAA79EFE1DFCD59200EDC5BC /* AppDelegate.swift */,
				FAA79F021DFCD59200EDC5BC /* Main.storyboard */,
				FA28EEBB1DFF4B29004A8167 /* ModelControllers */,
				FA28EEB61DFF45AE004A8167 /* CoreData */,
				FAA79F051DFCD59200EDC5BC /* Assets.xcassets */,
				FAA79F071DFCD59200EDC5BC /* LaunchScreen.storyboard */,
				FAA79F0A1DFCD59200EDC5BC /* Info.plist */,
			);
			path = WWCFieldAssistant;
			sourceTree = "<group>";
		};
/* End PBXGroup section */

/* Begin PBXNativeTarget section */
		FAA79EFA1DFCD59200EDC5BC /* WWCFieldAssistant */ = {
			isa = PBXNativeTarget;
			buildConfigurationList = FAA79F0D1DFCD59200EDC5BC /* Build configuration list for PBXNativeTarget "WWCFieldAssistant" */;
			buildPhases = (
				FAA79EF71DFCD59200EDC5BC /* Sources */,
				FAA79EF81DFCD59200EDC5BC /* Frameworks */,
				FAA79EF91DFCD59200EDC5BC /* Resources */,
			);
			buildRules = (
			);
			dependencies = (
			);
			name = WWCFieldAssistant;
			productName = WWCFieldAssistant;
			productReference = FAA79EFB1DFCD59200EDC5BC /* WWCFieldAssistant.app */;
			productType = "com.apple.product-type.application";
		};
/* End PBXNativeTarget section */

/* Begin PBXProject section */
		FAA79EF31DFCD59200EDC5BC /* Project object */ = {
			isa = PBXProject;
			attributes = {
				LastSwiftUpdateCheck = 0810;
				LastUpgradeCheck = 0810;
				ORGANIZATIONNAME = "Austin Blaser";
				TargetAttributes = {
					FAA79EFA1DFCD59200EDC5BC = {
						CreatedOnToolsVersion = 8.1;
						DevelopmentTeam = QYV5ZZB7LD;
						ProvisioningStyle = Automatic;
					};
				};
			};
			buildConfigurationList = FAA79EF61DFCD59200EDC5BC /* Build configuration list for PBXProject "WWCFieldAssistant" */;
			compatibilityVersion = "Xcode 3.2";
			developmentRegion = English;
			hasScannedForEncodings = 0;
			knownRegions = (
				en,
				Base,
			);
			mainGroup = FAA79EF21DFCD59200EDC5BC;
			productRefGroup = FAA79EFC1DFCD59200EDC5BC /* Products */;
			projectDirPath = "";
			projectRoot = "";
			targets = (
				FAA79EFA1DFCD59200EDC5BC /* WWCFieldAssistant */,
			);
		};
/* End PBXProject section */

/* Begin PBXResourcesBuildPhase section */
		FAA79EF91DFCD59200EDC5BC /* Resources */ = {
			isa = PBXResourcesBuildPhase;
			buildActionMask = 2147483647;
			files = (
				FAA79F091DFCD59200EDC5BC /* LaunchScreen.storyboard in Resources */,
				FAA79F061DFCD59200EDC5BC /* Assets.xcassets in Resources */,
				FAA79F041DFCD59200EDC5BC /* Main.storyboard in Resources */,
			);
			runOnlyForDeploymentPostprocessing = 0;
		};
/* End PBXResourcesBuildPhase section */

/* Begin PBXSourcesBuildPhase section */
		FAA79EF71DFCD59200EDC5BC /* Sources */ = {
			isa = PBXSourcesBuildPhase;
			buildActionMask = 2147483647;
			files = (
				FA28EECA1DFF4D49004A8167 /* DataEntry+CoreDataClass.swift in Sources */,
				FA426B8A1DFF7FAD0036B28E /* DistrictController.swift in Sources */,
				FA28EEB81DFF45D3004A8167 /* CoreDataStack.swift in Sources */,
				FA28EEB51DFF2D1D004A8167 /* CoreDataModel.xcdatamodeld in Sources */,
				FA28EEC91DFF4D49004A8167 /* District+CoreDataProperties.swift in Sources */,
				FA28EEBD1DFF4CA6004A8167 /* DataEntryController.swift in Sources */,
				FAA79EFF1DFCD59200EDC5BC /* AppDelegate.swift in Sources */,
				FA28EED01DFF4D49004A8167 /* User+CoreDataClass.swift in Sources */,
				FA28EEBA1DFF4B1F004A8167 /* PersistenceController.swift in Sources */,
				FA28EED11DFF4D49004A8167 /* User+CoreDataProperties.swift in Sources */,
				FA28EECE1DFF4D49004A8167 /* Well+CoreDataClass.swift in Sources */,
				FA28EECD1DFF4D49004A8167 /* FieldPhoto+CoreDataProperties.swift in Sources */,
				FA28EEC81DFF4D49004A8167 /* District+CoreDataClass.swift in Sources */,
				FA28EECB1DFF4D49004A8167 /* DataEntry+CoreDataProperties.swift in Sources */,
				FA28EECF1DFF4D49004A8167 /* Well+CoreDataProperties.swift in Sources */,
				FA28EECC1DFF4D49004A8167 /* FieldPhoto+CoreDataClass.swift in Sources */,
				FA426B881DFF51CD0036B28E /* MeasurementEnums.swift in Sources */,
			);
			runOnlyForDeploymentPostprocessing = 0;
		};
/* End PBXSourcesBuildPhase section */

/* Begin PBXVariantGroup section */
		FAA79F021DFCD59200EDC5BC /* Main.storyboard */ = {
			isa = PBXVariantGroup;
			children = (
				FAA79F031DFCD59200EDC5BC /* Base */,
			);
			name = Main.storyboard;
			sourceTree = "<group>";
		};
		FAA79F071DFCD59200EDC5BC /* LaunchScreen.storyboard */ = {
			isa = PBXVariantGroup;
			children = (
				FAA79F081DFCD59200EDC5BC /* Base */,
			);
			name = LaunchScreen.storyboard;
			sourceTree = "<group>";
		};
/* End PBXVariantGroup section */

/* Begin XCBuildConfiguration section */
		FAA79F0B1DFCD59200EDC5BC /* Debug */ = {
			isa = XCBuildConfiguration;
			buildSettings = {
				ALWAYS_SEARCH_USER_PATHS = NO;
				CLANG_ANALYZER_NONNULL = YES;
				CLANG_CXX_LANGUAGE_STANDARD = "gnu++0x";
				CLANG_CXX_LIBRARY = "libc++";
				CLANG_ENABLE_MODULES = YES;
				CLANG_ENABLE_OBJC_ARC = YES;
				CLANG_WARN_BOOL_CONVERSION = YES;
				CLANG_WARN_CONSTANT_CONVERSION = YES;
				CLANG_WARN_DIRECT_OBJC_ISA_USAGE = YES_ERROR;
				CLANG_WARN_DOCUMENTATION_COMMENTS = YES;
				CLANG_WARN_EMPTY_BODY = YES;
				CLANG_WARN_ENUM_CONVERSION = YES;
				CLANG_WARN_INFINITE_RECURSION = YES;
				CLANG_WARN_INT_CONVERSION = YES;
				CLANG_WARN_OBJC_ROOT_CLASS = YES_ERROR;
				CLANG_WARN_SUSPICIOUS_MOVES = YES;
				CLANG_WARN_UNREACHABLE_CODE = YES;
				CLANG_WARN__DUPLICATE_METHOD_MATCH = YES;
				"CODE_SIGN_IDENTITY[sdk=iphoneos*]" = "iPhone Developer";
				COPY_PHASE_STRIP = NO;
				DEBUG_INFORMATION_FORMAT = dwarf;
				ENABLE_STRICT_OBJC_MSGSEND = YES;
				ENABLE_TESTABILITY = YES;
				GCC_C_LANGUAGE_STANDARD = gnu99;
				GCC_DYNAMIC_NO_PIC = NO;
				GCC_NO_COMMON_BLOCKS = YES;
				GCC_OPTIMIZATION_LEVEL = 0;
				GCC_PREPROCESSOR_DEFINITIONS = (
					"DEBUG=1",
					"$(inherited)",
				);
				GCC_WARN_64_TO_32_BIT_CONVERSION = YES;
				GCC_WARN_ABOUT_RETURN_TYPE = YES_ERROR;
				GCC_WARN_UNDECLARED_SELECTOR = YES;
				GCC_WARN_UNINITIALIZED_AUTOS = YES_AGGRESSIVE;
				GCC_WARN_UNUSED_FUNCTION = YES;
				GCC_WARN_UNUSED_VARIABLE = YES;
				IPHONEOS_DEPLOYMENT_TARGET = 10.1;
				MTL_ENABLE_DEBUG_INFO = YES;
				ONLY_ACTIVE_ARCH = YES;
				SDKROOT = iphoneos;
				SWIFT_ACTIVE_COMPILATION_CONDITIONS = DEBUG;
				SWIFT_OPTIMIZATION_LEVEL = "-Onone";
				TARGETED_DEVICE_FAMILY = 2;
			};
			name = Debug;
		};
		FAA79F0C1DFCD59200EDC5BC /* Release */ = {
			isa = XCBuildConfiguration;
			buildSettings = {
				ALWAYS_SEARCH_USER_PATHS = NO;
				CLANG_ANALYZER_NONNULL = YES;
				CLANG_CXX_LANGUAGE_STANDARD = "gnu++0x";
				CLANG_CXX_LIBRARY = "libc++";
				CLANG_ENABLE_MODULES = YES;
				CLANG_ENABLE_OBJC_ARC = YES;
				CLANG_WARN_BOOL_CONVERSION = YES;
				CLANG_WARN_CONSTANT_CONVERSION = YES;
				CLANG_WARN_DIRECT_OBJC_ISA_USAGE = YES_ERROR;
				CLANG_WARN_DOCUMENTATION_COMMENTS = YES;
				CLANG_WARN_EMPTY_BODY = YES;
				CLANG_WARN_ENUM_CONVERSION = YES;
				CLANG_WARN_INFINITE_RECURSION = YES;
				CLANG_WARN_INT_CONVERSION = YES;
				CLANG_WARN_OBJC_ROOT_CLASS = YES_ERROR;
				CLANG_WARN_SUSPICIOUS_MOVES = YES;
				CLANG_WARN_UNREACHABLE_CODE = YES;
				CLANG_WARN__DUPLICATE_METHOD_MATCH = YES;
				"CODE_SIGN_IDENTITY[sdk=iphoneos*]" = "iPhone Developer";
				COPY_PHASE_STRIP = NO;
				DEBUG_INFORMATION_FORMAT = "dwarf-with-dsym";
				ENABLE_NS_ASSERTIONS = NO;
				ENABLE_STRICT_OBJC_MSGSEND = YES;
				GCC_C_LANGUAGE_STANDARD = gnu99;
				GCC_NO_COMMON_BLOCKS = YES;
				GCC_WARN_64_TO_32_BIT_CONVERSION = YES;
				GCC_WARN_ABOUT_RETURN_TYPE = YES_ERROR;
				GCC_WARN_UNDECLARED_SELECTOR = YES;
				GCC_WARN_UNINITIALIZED_AUTOS = YES_AGGRESSIVE;
				GCC_WARN_UNUSED_FUNCTION = YES;
				GCC_WARN_UNUSED_VARIABLE = YES;
				IPHONEOS_DEPLOYMENT_TARGET = 10.1;
				MTL_ENABLE_DEBUG_INFO = NO;
				SDKROOT = iphoneos;
				SWIFT_OPTIMIZATION_LEVEL = "-Owholemodule";
				TARGETED_DEVICE_FAMILY = 2;
				VALIDATE_PRODUCT = YES;
			};
			name = Release;
		};
		FAA79F0E1DFCD59200EDC5BC /* Debug */ = {
			isa = XCBuildConfiguration;
			buildSettings = {
				ASSETCATALOG_COMPILER_APPICON_NAME = AppIcon;
				DEVELOPMENT_TEAM = QYV5ZZB7LD;
				INFOPLIST_FILE = WWCFieldAssistant/Info.plist;
				IPHONEOS_DEPLOYMENT_TARGET = 9.0;
				LD_RUNPATH_SEARCH_PATHS = "$(inherited) @executable_path/Frameworks";
				PRODUCT_BUNDLE_IDENTIFIER = com.AustinBlaser.WWCFieldAssistant;
				PRODUCT_NAME = "$(TARGET_NAME)";
				SWIFT_VERSION = 3.0;
			};
			name = Debug;
		};
		FAA79F0F1DFCD59200EDC5BC /* Release */ = {
			isa = XCBuildConfiguration;
			buildSettings = {
				ASSETCATALOG_COMPILER_APPICON_NAME = AppIcon;
				DEVELOPMENT_TEAM = QYV5ZZB7LD;
				INFOPLIST_FILE = WWCFieldAssistant/Info.plist;
				IPHONEOS_DEPLOYMENT_TARGET = 9.0;
				LD_RUNPATH_SEARCH_PATHS = "$(inherited) @executable_path/Frameworks";
				PRODUCT_BUNDLE_IDENTIFIER = com.AustinBlaser.WWCFieldAssistant;
				PRODUCT_NAME = "$(TARGET_NAME)";
				SWIFT_VERSION = 3.0;
			};
			name = Release;
		};
/* End XCBuildConfiguration section */

/* Begin XCConfigurationList section */
		FAA79EF61DFCD59200EDC5BC /* Build configuration list for PBXProject "WWCFieldAssistant" */ = {
			isa = XCConfigurationList;
			buildConfigurations = (
				FAA79F0B1DFCD59200EDC5BC /* Debug */,
				FAA79F0C1DFCD59200EDC5BC /* Release */,
			);
			defaultConfigurationIsVisible = 0;
			defaultConfigurationName = Release;
		};
		FAA79F0D1DFCD59200EDC5BC /* Build configuration list for PBXNativeTarget "WWCFieldAssistant" */ = {
			isa = XCConfigurationList;
			buildConfigurations = (
				FAA79F0E1DFCD59200EDC5BC /* Debug */,
				FAA79F0F1DFCD59200EDC5BC /* Release */,
			);
			defaultConfigurationIsVisible = 0;
			defaultConfigurationName = Release;
		};
/* End XCConfigurationList section */

/* Begin XCVersionGroup section */
		FA28EEB31DFF2D1D004A8167 /* CoreDataModel.xcdatamodeld */ = {
			isa = XCVersionGroup;
			children = (
				FA28EEB41DFF2D1D004A8167 /* CoreDataModel.xcdatamodel */,
			);
			currentVersion = FA28EEB41DFF2D1D004A8167 /* CoreDataModel.xcdatamodel */;
			path = CoreDataModel.xcdatamodeld;
			sourceTree = "<group>";
			versionGroupType = wrapper.xcdatamodel;
		};
/* End XCVersionGroup section */
	};
	rootObject = FAA79EF31DFCD59200EDC5BC /* Project object */;
}
